
Microsoft Visual Studio Solution File, Format Version 12.00
# Visual Studio Version 16
VisualStudioVersion = 16.0.29409.12
MinimumVisualStudioVersion = 10.0.40219.1
Project("{FAE04EC0-301F-11D3-BF4B-00C04F79EFBC}") = "hash-tool", "crisp-hash-tool\hash-tool.csproj", "{9B717B5C-4657-45BE-B28C-37E84EF7A1DE}"
EndProject
Project("{9A19103F-16F7-4668-BE54-9A1E7A4F7556}") = "hash-tool.Tests", "crisp-hash-tool.Tests\hash-tool.Tests.csproj", "{38BDDFA7-C61F-4EAA-8363-27A25A32A9FC}"
EndProject
Global
	GlobalSection(SolutionConfigurationPlatforms) = preSolution
		Debug|Any CPU = Debug|Any CPU
		Release|Any CPU = Release|Any CPU
	EndGlobalSection
	GlobalSection(ProjectConfigurationPlatforms) = postSolution
		{9B717B5C-4657-45BE-B28C-37E84EF7A1DE}.Debug|Any CPU.ActiveCfg = Debug|Any CPU
		{9B717B5C-4657-45BE-B28C-37E84EF7A1DE}.Debug|Any CPU.Build.0 = Debug|Any CPU
		{9B717B5C-4657-45BE-B28C-37E84EF7A1DE}.Release|Any CPU.ActiveCfg = Release|Any CPU
		{9B717B5C-4657-45BE-B28C-37E84EF7A1DE}.Release|Any CPU.Build.0 = Release|Any CPU
		{38BDDFA7-C61F-4EAA-8363-27A25A32A9FC}.Debug|Any CPU.ActiveCfg = Debug|Any CPU
		{38BDDFA7-C61F-4EAA-8363-27A25A32A9FC}.Debug|Any CPU.Build.0 = Debug|Any CPU
		{38BDDFA7-C61F-4EAA-8363-27A25A32A9FC}.Release|Any CPU.ActiveCfg = Release|Any CPU
		{38BDDFA7-C61F-4EAA-8363-27A25A32A9FC}.Release|Any CPU.Build.0 = Release|Any CPU
	EndGlobalSection
	GlobalSection(SolutionProperties) = preSolution
		HideSolutionNode = FALSE
	EndGlobalSection
	GlobalSection(ExtensibilityGlobals) = postSolution
		SolutionGuid = {8E2E981A-205A-4253-B934-AA8863C124B7}
	EndGlobalSection
EndGlobal
